{
  "version": 4,
  "terraform_version": "1.11.1",
  "serial": 1,
  "lineage": "85e88de8-653c-df21-5769-cc5a51e002f2",
  "outputs": {},
  "resources": [
    {
      "mode": "managed",
      "type": "spotify_playlist",
      "name": "playlist",
      "provider": "provider[\"registry.terraform.io/conradludgate/spotify\"]",
      "instances": [
        {
          "schema_version": 0,
          "attributes": {
            "description": "My Summer time playlist",
            "id": "2mOLVaDKeElNd2J1XfjWWi",
            "name": "My playlist",
            "public": true,
            "snapshot_id": "AAAAAqAVDCOk+tTFftJbD08ABpZsHv34",
            "tracks": [
              "3BJe4B8zGnqEdQPMvfVjuS"
            ]
          },
          "sensitive_attributes": [],
          "private": "bnVsbA=="
        }
      ]
    }
  ],
  "check_results": null
}
